// !$*UTF8*$!
{
	archiveVersion = 1;
	classes = {
	};
	objectVersion = 50;
	objects = {

/* Begin PBXBuildFile section */
		0A22451426F8DE12004D4C3D /* MockListInteractor.swift in Sources */ = {isa = PBXBuildFile; fileRef = 0A22451326F8DE12004D4C3D /* MockListInteractor.swift */; };
		0A22451626F8E190004D4C3D /* MockListPresenter.swift in Sources */ = {isa = PBXBuildFile; fileRef = 0A22451526F8E190004D4C3D /* MockListPresenter.swift */; };
		0A22451B26F8E519004D4C3D /* InteractorTests.swift in Sources */ = {isa = PBXBuildFile; fileRef = 0A22451A26F8E519004D4C3D /* InteractorTests.swift */; };
		0A22451D26F90876004D4C3D /* PresenterTests.swift in Sources */ = {isa = PBXBuildFile; fileRef = 0A22451C26F90876004D4C3D /* PresenterTests.swift */; };
		0A22451F26F9091D004D4C3D /* MockListView.swift in Sources */ = {isa = PBXBuildFile; fileRef = 0A22451E26F9091D004D4C3D /* MockListView.swift */; };
		0A22452126F92BE1004D4C3D /* Constants.swift in Sources */ = {isa = PBXBuildFile; fileRef = 0A22452026F92BE1004D4C3D /* Constants.swift */; };
		0A5CA13C26F14FD700AD7A8A /* AppDelegate.swift in Sources */ = {isa = PBXBuildFile; fileRef = 0A5CA13B26F14FD700AD7A8A /* AppDelegate.swift */; };
		0A5CA13E26F14FD700AD7A8A /* SceneDelegate.swift in Sources */ = {isa = PBXBuildFile; fileRef = 0A5CA13D26F14FD700AD7A8A /* SceneDelegate.swift */; };
		0A5CA14026F14FD700AD7A8A /* CharactersListViewController.swift in Sources */ = {isa = PBXBuildFile; fileRef = 0A5CA13F26F14FD700AD7A8A /* CharactersListViewController.swift */; };
		0A5CA14326F14FD700AD7A8A /* Main.storyboard in Resources */ = {isa = PBXBuildFile; fileRef = 0A5CA14126F14FD700AD7A8A /* Main.storyboard */; };
		0A5CA14526F14FDB00AD7A8A /* Assets.xcassets in Resources */ = {isa = PBXBuildFile; fileRef = 0A5CA14426F14FDB00AD7A8A /* Assets.xcassets */; };
		0A5CA14826F14FDB00AD7A8A /* LaunchScreen.storyboard in Resources */ = {isa = PBXBuildFile; fileRef = 0A5CA14626F14FDB00AD7A8A /* LaunchScreen.storyboard */; };
		0A5CA15E26F14FDC00AD7A8A /* Viper_BadUITests.swift in Sources */ = {isa = PBXBuildFile; fileRef = 0A5CA15D26F14FDC00AD7A8A /* Viper_BadUITests.swift */; };
		0A5CA16D26F253FB00AD7A8A /* CharactersListRouter.swift in Sources */ = {isa = PBXBuildFile; fileRef = 0A5CA16C26F253FB00AD7A8A /* CharactersListRouter.swift */; };
		0A5CA17026F2543700AD7A8A /* Protocols.swift in Sources */ = {isa = PBXBuildFile; fileRef = 0A5CA16F26F2543700AD7A8A /* Protocols.swift */; };
		0A5CA17226F26AFC00AD7A8A /* CharactersListInteractor.swift in Sources */ = {isa = PBXBuildFile; fileRef = 0A5CA17126F26AFC00AD7A8A /* CharactersListInteractor.swift */; };
		0A5CA17426F26B0500AD7A8A /* CharactersListPresenter.swift in Sources */ = {isa = PBXBuildFile; fileRef = 0A5CA17326F26B0500AD7A8A /* CharactersListPresenter.swift */; };
		0A5CA17726F26F2F00AD7A8A /* Character.swift in Sources */ = {isa = PBXBuildFile; fileRef = 0A5CA17626F26F2F00AD7A8A /* Character.swift */; };
		0A5CA17A26F270FC00AD7A8A /* Repository.swift in Sources */ = {isa = PBXBuildFile; fileRef = 0A5CA17926F270FC00AD7A8A /* Repository.swift */; };
		0A5CA17C26F2712B00AD7A8A /* AppError.swift in Sources */ = {isa = PBXBuildFile; fileRef = 0A5CA17B26F2712B00AD7A8A /* AppError.swift */; };
		0A81D95426F3941B004BE1F3 /* BreakingBadAPIClient.swift in Sources */ = {isa = PBXBuildFile; fileRef = 0A81D95326F3941B004BE1F3 /* BreakingBadAPIClient.swift */; };
		0A81D95726F3D079004BE1F3 /* AlertUtils.swift in Sources */ = {isa = PBXBuildFile; fileRef = 0A81D95626F3D079004BE1F3 /* AlertUtils.swift */; };
		0A81D95926F3E9A1004BE1F3 /* MockBreakingBadAPIClient.swift in Sources */ = {isa = PBXBuildFile; fileRef = 0A81D95826F3E9A1004BE1F3 /* MockBreakingBadAPIClient.swift */; };
		0A81D95D26F3EDE8004BE1F3 /* MockBreakingBadRepository.swift in Sources */ = {isa = PBXBuildFile; fileRef = 0A81D95C26F3EDE8004BE1F3 /* MockBreakingBadRepository.swift */; };
		0A81D95F26F3EF07004BE1F3 /* RepositoryTests.swift in Sources */ = {isa = PBXBuildFile; fileRef = 0A81D95E26F3EF07004BE1F3 /* RepositoryTests.swift */; };
/* End PBXBuildFile section */

/* Begin PBXContainerItemProxy section */
		0A5CA14F26F14FDB00AD7A8A /* PBXContainerItemProxy */ = {
			isa = PBXContainerItemProxy;
			containerPortal = 0A5CA13026F14FD700AD7A8A /* Project object */;
			proxyType = 1;
			remoteGlobalIDString = 0A5CA13726F14FD700AD7A8A;
			remoteInfo = "Viper Bad";
		};
		0A5CA15A26F14FDC00AD7A8A /* PBXContainerItemProxy */ = {
			isa = PBXContainerItemProxy;
			containerPortal = 0A5CA13026F14FD700AD7A8A /* Project object */;
			proxyType = 1;
			remoteGlobalIDString = 0A5CA13726F14FD700AD7A8A;
			remoteInfo = "Viper Bad";
		};
/* End PBXContainerItemProxy section */

/* Begin PBXFileReference section */
		0A22451326F8DE12004D4C3D /* MockListInteractor.swift */ = {isa = PBXFileReference; lastKnownFileType = sourcecode.swift; path = MockListInteractor.swift; sourceTree = "<group>"; };
		0A22451526F8E190004D4C3D /* MockListPresenter.swift */ = {isa = PBXFileReference; lastKnownFileType = sourcecode.swift; path = MockListPresenter.swift; sourceTree = "<group>"; };
		0A22451A26F8E519004D4C3D /* InteractorTests.swift */ = {isa = PBXFileReference; lastKnownFileType = sourcecode.swift; path = InteractorTests.swift; sourceTree = "<group>"; };
		0A22451C26F90876004D4C3D /* PresenterTests.swift */ = {isa = PBXFileReference; lastKnownFileType = sourcecode.swift; path = PresenterTests.swift; sourceTree = "<group>"; };
		0A22451E26F9091D004D4C3D /* MockListView.swift */ = {isa = PBXFileReference; lastKnownFileType = sourcecode.swift; path = MockListView.swift; sourceTree = "<group>"; };
		0A22452026F92BE1004D4C3D /* Constants.swift */ = {isa = PBXFileReference; lastKnownFileType = sourcecode.swift; path = Constants.swift; sourceTree = "<group>"; };
		0A5CA13826F14FD700AD7A8A /* Viper Bad.app */ = {isa = PBXFileReference; explicitFileType = wrapper.application; includeInIndex = 0; path = "Viper Bad.app"; sourceTree = BUILT_PRODUCTS_DIR; };
		0A5CA13B26F14FD700AD7A8A /* AppDelegate.swift */ = {isa = PBXFileReference; lastKnownFileType = sourcecode.swift; path = AppDelegate.swift; sourceTree = "<group>"; };
		0A5CA13D26F14FD700AD7A8A /* SceneDelegate.swift */ = {isa = PBXFileReference; lastKnownFileType = sourcecode.swift; path = SceneDelegate.swift; sourceTree = "<group>"; };
		0A5CA13F26F14FD700AD7A8A /* CharactersListViewController.swift */ = {isa = PBXFileReference; lastKnownFileType = sourcecode.swift; path = CharactersListViewController.swift; sourceTree = "<group>"; };
		0A5CA14226F14FD700AD7A8A /* Base */ = {isa = PBXFileReference; lastKnownFileType = file.storyboard; name = Base; path = Base.lproj/Main.storyboard; sourceTree = "<group>"; };
		0A5CA14426F14FDB00AD7A8A /* Assets.xcassets */ = {isa = PBXFileReference; lastKnownFileType = folder.assetcatalog; path = Assets.xcassets; sourceTree = "<group>"; };
		0A5CA14726F14FDB00AD7A8A /* Base */ = {isa = PBXFileReference; lastKnownFileType = file.storyboard; name = Base; path = Base.lproj/LaunchScreen.storyboard; sourceTree = "<group>"; };
		0A5CA14926F14FDB00AD7A8A /* Info.plist */ = {isa = PBXFileReference; lastKnownFileType = text.plist.xml; path = Info.plist; sourceTree = "<group>"; };
		0A5CA14E26F14FDB00AD7A8A /* Viper BadTests.xctest */ = {isa = PBXFileReference; explicitFileType = wrapper.cfbundle; includeInIndex = 0; path = "Viper BadTests.xctest"; sourceTree = BUILT_PRODUCTS_DIR; };
		0A5CA15426F14FDB00AD7A8A /* Info.plist */ = {isa = PBXFileReference; lastKnownFileType = text.plist.xml; path = Info.plist; sourceTree = "<group>"; };
		0A5CA15926F14FDB00AD7A8A /* Viper BadUITests.xctest */ = {isa = PBXFileReference; explicitFileType = wrapper.cfbundle; includeInIndex = 0; path = "Viper BadUITests.xctest"; sourceTree = BUILT_PRODUCTS_DIR; };
		0A5CA15D26F14FDC00AD7A8A /* Viper_BadUITests.swift */ = {isa = PBXFileReference; lastKnownFileType = sourcecode.swift; path = Viper_BadUITests.swift; sourceTree = "<group>"; };
		0A5CA15F26F14FDC00AD7A8A /* Info.plist */ = {isa = PBXFileReference; lastKnownFileType = text.plist.xml; path = Info.plist; sourceTree = "<group>"; };
		0A5CA16C26F253FB00AD7A8A /* CharactersListRouter.swift */ = {isa = PBXFileReference; lastKnownFileType = sourcecode.swift; path = CharactersListRouter.swift; sourceTree = "<group>"; };
		0A5CA16F26F2543700AD7A8A /* Protocols.swift */ = {isa = PBXFileReference; lastKnownFileType = sourcecode.swift; path = Protocols.swift; sourceTree = "<group>"; };
		0A5CA17126F26AFC00AD7A8A /* CharactersListInteractor.swift */ = {isa = PBXFileReference; lastKnownFileType = sourcecode.swift; path = CharactersListInteractor.swift; sourceTree = "<group>"; };
		0A5CA17326F26B0500AD7A8A /* CharactersListPresenter.swift */ = {isa = PBXFileReference; lastKnownFileType = sourcecode.swift; path = CharactersListPresenter.swift; sourceTree = "<group>"; };
		0A5CA17626F26F2F00AD7A8A /* Character.swift */ = {isa = PBXFileReference; lastKnownFileType = sourcecode.swift; path = Character.swift; sourceTree = "<group>"; };
		0A5CA17926F270FC00AD7A8A /* Repository.swift */ = {isa = PBXFileReference; lastKnownFileType = sourcecode.swift; path = Repository.swift; sourceTree = "<group>"; };
		0A5CA17B26F2712B00AD7A8A /* AppError.swift */ = {isa = PBXFileReference; lastKnownFileType = sourcecode.swift; path = AppError.swift; sourceTree = "<group>"; };
		0A81D95326F3941B004BE1F3 /* BreakingBadAPIClient.swift */ = {isa = PBXFileReference; lastKnownFileType = sourcecode.swift; path = BreakingBadAPIClient.swift; sourceTree = "<group>"; };
		0A81D95626F3D079004BE1F3 /* AlertUtils.swift */ = {isa = PBXFileReference; lastKnownFileType = sourcecode.swift; path = AlertUtils.swift; sourceTree = "<group>"; };
		0A81D95826F3E9A1004BE1F3 /* MockBreakingBadAPIClient.swift */ = {isa = PBXFileReference; lastKnownFileType = sourcecode.swift; path = MockBreakingBadAPIClient.swift; sourceTree = "<group>"; };
		0A81D95C26F3EDE8004BE1F3 /* MockBreakingBadRepository.swift */ = {isa = PBXFileReference; lastKnownFileType = sourcecode.swift; path = MockBreakingBadRepository.swift; sourceTree = "<group>"; };
		0A81D95E26F3EF07004BE1F3 /* RepositoryTests.swift */ = {isa = PBXFileReference; lastKnownFileType = sourcecode.swift; path = RepositoryTests.swift; sourceTree = "<group>"; };
/* End PBXFileReference section */

/* Begin PBXFrameworksBuildPhase section */
		0A5CA13526F14FD700AD7A8A /* Frameworks */ = {
			isa = PBXFrameworksBuildPhase;
			buildActionMask = 2147483647;
			files = (
			);
			runOnlyForDeploymentPostprocessing = 0;
		};
		0A5CA14B26F14FDB00AD7A8A /* Frameworks */ = {
			isa = PBXFrameworksBuildPhase;
			buildActionMask = 2147483647;
			files = (
			);
			runOnlyForDeploymentPostprocessing = 0;
		};
		0A5CA15626F14FDB00AD7A8A /* Frameworks */ = {
			isa = PBXFrameworksBuildPhase;
			buildActionMask = 2147483647;
			files = (
			);
			runOnlyForDeploymentPostprocessing = 0;
		};
/* End PBXFrameworksBuildPhase section */

/* Begin PBXGroup section */
		0A5CA12F26F14FD700AD7A8A = {
			isa = PBXGroup;
			children = (
				0A5CA13A26F14FD700AD7A8A /* Viper Bad */,
				0A5CA15126F14FDB00AD7A8A /* Viper BadTests */,
				0A5CA15C26F14FDC00AD7A8A /* Viper BadUITests */,
				0A5CA13926F14FD700AD7A8A /* Products */,
			);
			sourceTree = "<group>";
		};
		0A5CA13926F14FD700AD7A8A /* Products */ = {
			isa = PBXGroup;
			children = (
				0A5CA13826F14FD700AD7A8A /* Viper Bad.app */,
				0A5CA14E26F14FDB00AD7A8A /* Viper BadTests.xctest */,
				0A5CA15926F14FDB00AD7A8A /* Viper BadUITests.xctest */,
			);
			name = Products;
			sourceTree = "<group>";
		};
		0A5CA13A26F14FD700AD7A8A /* Viper Bad */ = {
			isa = PBXGroup;
			children = (
				0A5CA17526F26F2300AD7A8A /* Entities */,
				0A5CA16E26F2542C00AD7A8A /* Protocols */,
				0A5CA16B26F253EE00AD7A8A /* List */,
				0A5CA17826F26FCD00AD7A8A /* Repository */,
				0A81D95526F3D06C004BE1F3 /* Utils */,
				0A5CA13B26F14FD700AD7A8A /* AppDelegate.swift */,
				0A5CA13D26F14FD700AD7A8A /* SceneDelegate.swift */,
				0A5CA14126F14FD700AD7A8A /* Main.storyboard */,
				0A5CA14426F14FDB00AD7A8A /* Assets.xcassets */,
				0A5CA14626F14FDB00AD7A8A /* LaunchScreen.storyboard */,
				0A5CA14926F14FDB00AD7A8A /* Info.plist */,
			);
			path = "Viper Bad";
			sourceTree = "<group>";
		};
		0A5CA15126F14FDB00AD7A8A /* Viper BadTests */ = {
			isa = PBXGroup;
			children = (
				0A22452026F92BE1004D4C3D /* Constants.swift */,
				0A81D95B26F3EDD6004BE1F3 /* Mocks */,
				0A81D95A26F3EDA9004BE1F3 /* List Tests */,
				0A5CA15426F14FDB00AD7A8A /* Info.plist */,
			);
			path = "Viper BadTests";
			sourceTree = "<group>";
		};
		0A5CA15C26F14FDC00AD7A8A /* Viper BadUITests */ = {
			isa = PBXGroup;
			children = (
				0A5CA15D26F14FDC00AD7A8A /* Viper_BadUITests.swift */,
				0A5CA15F26F14FDC00AD7A8A /* Info.plist */,
			);
			path = "Viper BadUITests";
			sourceTree = "<group>";
		};
		0A5CA16B26F253EE00AD7A8A /* List */ = {
			isa = PBXGroup;
			children = (
				0A5CA13F26F14FD700AD7A8A /* CharactersListViewController.swift */,
				0A5CA16C26F253FB00AD7A8A /* CharactersListRouter.swift */,
				0A5CA17126F26AFC00AD7A8A /* CharactersListInteractor.swift */,
				0A5CA17326F26B0500AD7A8A /* CharactersListPresenter.swift */,
			);
			path = List;
			sourceTree = "<group>";
		};
		0A5CA16E26F2542C00AD7A8A /* Protocols */ = {
			isa = PBXGroup;
			children = (
				0A5CA16F26F2543700AD7A8A /* Protocols.swift */,
			);
			path = Protocols;
			sourceTree = "<group>";
		};
		0A5CA17526F26F2300AD7A8A /* Entities */ = {
			isa = PBXGroup;
			children = (
				0A5CA17626F26F2F00AD7A8A /* Character.swift */,
				0A5CA17B26F2712B00AD7A8A /* AppError.swift */,
			);
			path = Entities;
			sourceTree = "<group>";
		};
		0A5CA17826F26FCD00AD7A8A /* Repository */ = {
			isa = PBXGroup;
			children = (
				0A5CA17926F270FC00AD7A8A /* Repository.swift */,
				0A81D95326F3941B004BE1F3 /* BreakingBadAPIClient.swift */,
			);
			path = Repository;
			sourceTree = "<group>";
		};
		0A81D95526F3D06C004BE1F3 /* Utils */ = {
			isa = PBXGroup;
			children = (
				0A81D95626F3D079004BE1F3 /* AlertUtils.swift */,
			);
			path = Utils;
			sourceTree = "<group>";
		};
		0A81D95A26F3EDA9004BE1F3 /* List Tests */ = {
			isa = PBXGroup;
			children = (
				0A81D95E26F3EF07004BE1F3 /* RepositoryTests.swift */,
				0A22451A26F8E519004D4C3D /* InteractorTests.swift */,
				0A22451C26F90876004D4C3D /* PresenterTests.swift */,
			);
			path = "List Tests";
			sourceTree = "<group>";
		};
		0A81D95B26F3EDD6004BE1F3 /* Mocks */ = {
			isa = PBXGroup;
			children = (
				0A81D95826F3E9A1004BE1F3 /* MockBreakingBadAPIClient.swift */,
				0A81D95C26F3EDE8004BE1F3 /* MockBreakingBadRepository.swift */,
				0A22451326F8DE12004D4C3D /* MockListInteractor.swift */,
				0A22451526F8E190004D4C3D /* MockListPresenter.swift */,
				0A22451E26F9091D004D4C3D /* MockListView.swift */,
			);
			path = Mocks;
			sourceTree = "<group>";
		};
/* End PBXGroup section */

/* Begin PBXNativeTarget section */
		0A5CA13726F14FD700AD7A8A /* Viper Bad */ = {
			isa = PBXNativeTarget;
			buildConfigurationList = 0A5CA16226F14FDC00AD7A8A /* Build configuration list for PBXNativeTarget "Viper Bad" */;
			buildPhases = (
				0A5CA13426F14FD700AD7A8A /* Sources */,
				0A5CA13526F14FD700AD7A8A /* Frameworks */,
				0A5CA13626F14FD700AD7A8A /* Resources */,
			);
			buildRules = (
			);
			dependencies = (
			);
			name = "Viper Bad";
			productName = "Viper Bad";
			productReference = 0A5CA13826F14FD700AD7A8A /* Viper Bad.app */;
			productType = "com.apple.product-type.application";
		};
		0A5CA14D26F14FDB00AD7A8A /* Viper BadTests */ = {
			isa = PBXNativeTarget;
			buildConfigurationList = 0A5CA16526F14FDC00AD7A8A /* Build configuration list for PBXNativeTarget "Viper BadTests" */;
			buildPhases = (
				0A5CA14A26F14FDB00AD7A8A /* Sources */,
				0A5CA14B26F14FDB00AD7A8A /* Frameworks */,
				0A5CA14C26F14FDB00AD7A8A /* Resources */,
			);
			buildRules = (
			);
			dependencies = (
				0A5CA15026F14FDB00AD7A8A /* PBXTargetDependency */,
			);
			name = "Viper BadTests";
			productName = "Viper BadTests";
			productReference = 0A5CA14E26F14FDB00AD7A8A /* Viper BadTests.xctest */;
			productType = "com.apple.product-type.bundle.unit-test";
		};
		0A5CA15826F14FDB00AD7A8A /* Viper BadUITests */ = {
			isa = PBXNativeTarget;
			buildConfigurationList = 0A5CA16826F14FDC00AD7A8A /* Build configuration list for PBXNativeTarget "Viper BadUITests" */;
			buildPhases = (
				0A5CA15526F14FDB00AD7A8A /* Sources */,
				0A5CA15626F14FDB00AD7A8A /* Frameworks */,
				0A5CA15726F14FDB00AD7A8A /* Resources */,
			);
			buildRules = (
			);
			dependencies = (
				0A5CA15B26F14FDC00AD7A8A /* PBXTargetDependency */,
			);
			name = "Viper BadUITests";
			productName = "Viper BadUITests";
			productReference = 0A5CA15926F14FDB00AD7A8A /* Viper BadUITests.xctest */;
			productType = "com.apple.product-type.bundle.ui-testing";
		};
/* End PBXNativeTarget section */

/* Begin PBXProject section */
		0A5CA13026F14FD700AD7A8A /* Project object */ = {
			isa = PBXProject;
			attributes = {
				LastSwiftUpdateCheck = 1250;
				LastUpgradeCheck = 1250;
				TargetAttributes = {
					0A5CA13726F14FD700AD7A8A = {
						CreatedOnToolsVersion = 12.5.1;
					};
					0A5CA14D26F14FDB00AD7A8A = {
						CreatedOnToolsVersion = 12.5.1;
						TestTargetID = 0A5CA13726F14FD700AD7A8A;
					};
					0A5CA15826F14FDB00AD7A8A = {
						CreatedOnToolsVersion = 12.5.1;
						TestTargetID = 0A5CA13726F14FD700AD7A8A;
					};
				};
			};
			buildConfigurationList = 0A5CA13326F14FD700AD7A8A /* Build configuration list for PBXProject "Viper Bad" */;
			compatibilityVersion = "Xcode 9.3";
			developmentRegion = en;
			hasScannedForEncodings = 0;
			knownRegions = (
				en,
				Base,
			);
			mainGroup = 0A5CA12F26F14FD700AD7A8A;
			productRefGroup = 0A5CA13926F14FD700AD7A8A /* Products */;
			projectDirPath = "";
			projectRoot = "";
			targets = (
				0A5CA13726F14FD700AD7A8A /* Viper Bad */,
				0A5CA14D26F14FDB00AD7A8A /* Viper BadTests */,
				0A5CA15826F14FDB00AD7A8A /* Viper BadUITests */,
			);
		};
/* End PBXProject section */

/* Begin PBXResourcesBuildPhase section */
		0A5CA13626F14FD700AD7A8A /* Resources */ = {
			isa = PBXResourcesBuildPhase;
			buildActionMask = 2147483647;
			files = (
				0A5CA14826F14FDB00AD7A8A /* LaunchScreen.storyboard in Resources */,
				0A5CA14526F14FDB00AD7A8A /* Assets.xcassets in Resources */,
				0A5CA14326F14FD700AD7A8A /* Main.storyboard in Resources */,
			);
			runOnlyForDeploymentPostprocessing = 0;
		};
		0A5CA14C26F14FDB00AD7A8A /* Resources */ = {
			isa = PBXResourcesBuildPhase;
			buildActionMask = 2147483647;
			files = (
			);
			runOnlyForDeploymentPostprocessing = 0;
		};
		0A5CA15726F14FDB00AD7A8A /* Resources */ = {
			isa = PBXResourcesBuildPhase;
			buildActionMask = 2147483647;
			files = (
			);
			runOnlyForDeploymentPostprocessing = 0;
		};
/* End PBXResourcesBuildPhase section */

/* Begin PBXSourcesBuildPhase section */
		0A5CA13426F14FD700AD7A8A /* Sources */ = {
			isa = PBXSourcesBuildPhase;
			buildActionMask = 2147483647;
			files = (
				0A5CA17426F26B0500AD7A8A /* CharactersListPresenter.swift in Sources */,
				0A5CA17226F26AFC00AD7A8A /* CharactersListInteractor.swift in Sources */,
				0A5CA17C26F2712B00AD7A8A /* AppError.swift in Sources */,
				0A5CA16D26F253FB00AD7A8A /* CharactersListRouter.swift in Sources */,
				0A5CA14026F14FD700AD7A8A /* CharactersListViewController.swift in Sources */,
				0A5CA17026F2543700AD7A8A /* Protocols.swift in Sources */,
				0A81D95426F3941B004BE1F3 /* BreakingBadAPIClient.swift in Sources */,
				0A5CA13C26F14FD700AD7A8A /* AppDelegate.swift in Sources */,
				0A81D95726F3D079004BE1F3 /* AlertUtils.swift in Sources */,
				0A5CA13E26F14FD700AD7A8A /* SceneDelegate.swift in Sources */,
				0A5CA17726F26F2F00AD7A8A /* Character.swift in Sources */,
				0A5CA17A26F270FC00AD7A8A /* Repository.swift in Sources */,
			);
			runOnlyForDeploymentPostprocessing = 0;
		};
		0A5CA14A26F14FDB00AD7A8A /* Sources */ = {
			isa = PBXSourcesBuildPhase;
			buildActionMask = 2147483647;
			files = (
				0A22451426F8DE12004D4C3D /* MockListInteractor.swift in Sources */,
				0A22451626F8E190004D4C3D /* MockListPresenter.swift in Sources */,
				0A22451D26F90876004D4C3D /* PresenterTests.swift in Sources */,
				0A22451B26F8E519004D4C3D /* InteractorTests.swift in Sources */,
				0A81D95D26F3EDE8004BE1F3 /* MockBreakingBadRepository.swift in Sources */,
				0A81D95926F3E9A1004BE1F3 /* MockBreakingBadAPIClient.swift in Sources */,
				0A22451F26F9091D004D4C3D /* MockListView.swift in Sources */,
				0A81D95F26F3EF07004BE1F3 /* RepositoryTests.swift in Sources */,
				0A22452126F92BE1004D4C3D /* Constants.swift in Sources */,
			);
			runOnlyForDeploymentPostprocessing = 0;
		};
		0A5CA15526F14FDB00AD7A8A /* Sources */ = {
			isa = PBXSourcesBuildPhase;
			buildActionMask = 2147483647;
			files = (
				0A5CA15E26F14FDC00AD7A8A /* Viper_BadUITests.swift in Sources */,
			);
			runOnlyForDeploymentPostprocessing = 0;
		};
/* End PBXSourcesBuildPhase section */

/* Begin PBXTargetDependency section */
		0A5CA15026F14FDB00AD7A8A /* PBXTargetDependency */ = {
			isa = PBXTargetDependency;
			target = 0A5CA13726F14FD700AD7A8A /* Viper Bad */;
			targetProxy = 0A5CA14F26F14FDB00AD7A8A /* PBXContainerItemProxy */;
		};
		0A5CA15B26F14FDC00AD7A8A /* PBXTargetDependency */ = {
			isa = PBXTargetDependency;
			target = 0A5CA13726F14FD700AD7A8A /* Viper Bad */;
			targetProxy = 0A5CA15A26F14FDC00AD7A8A /* PBXContainerItemProxy */;
		};
/* End PBXTargetDependency section */

/* Begin PBXVariantGroup section */
		0A5CA14126F14FD700AD7A8A /* Main.storyboard */ = {
			isa = PBXVariantGroup;
			children = (
				0A5CA14226F14FD700AD7A8A /* Base */,
			);
			name = Main.storyboard;
			sourceTree = "<group>";
		};
		0A5CA14626F14FDB00AD7A8A /* LaunchScreen.storyboard */ = {
			isa = PBXVariantGroup;
			children = (
				0A5CA14726F14FDB00AD7A8A /* Base */,
			);
			name = LaunchScreen.storyboard;
			sourceTree = "<group>";
		};
/* End PBXVariantGroup section */

/* Begin XCBuildConfiguration section */
		0A5CA16026F14FDC00AD7A8A /* Debug */ = {
			isa = XCBuildConfiguration;
			buildSettings = {
				ALWAYS_SEARCH_USER_PATHS = NO;
				CLANG_ANALYZER_NONNULL = YES;
				CLANG_ANALYZER_NUMBER_OBJECT_CONVERSION = YES_AGGRESSIVE;
				CLANG_CXX_LANGUAGE_STANDARD = "gnu++14";
				CLANG_CXX_LIBRARY = "libc++";
				CLANG_ENABLE_MODULES = YES;
				CLANG_ENABLE_OBJC_ARC = YES;
				CLANG_ENABLE_OBJC_WEAK = YES;
				CLANG_WARN_BLOCK_CAPTURE_AUTORELEASING = YES;
				CLANG_WARN_BOOL_CONVERSION = YES;
				CLANG_WARN_COMMA = YES;
				CLANG_WARN_CONSTANT_CONVERSION = YES;
				CLANG_WARN_DEPRECATED_OBJC_IMPLEMENTATIONS = YES;
				CLANG_WARN_DIRECT_OBJC_ISA_USAGE = YES_ERROR;
				CLANG_WARN_DOCUMENTATION_COMMENTS = YES;
				CLANG_WARN_EMPTY_BODY = YES;
				CLANG_WARN_ENUM_CONVERSION = YES;
				CLANG_WARN_INFINITE_RECURSION = YES;
				CLANG_WARN_INT_CONVERSION = YES;
				CLANG_WARN_NON_LITERAL_NULL_CONVERSION = YES;
				CLANG_WARN_OBJC_IMPLICIT_RETAIN_SELF = YES;
				CLANG_WARN_OBJC_LITERAL_CONVERSION = YES;
				CLANG_WARN_OBJC_ROOT_CLASS = YES_ERROR;
				CLANG_WARN_QUOTED_INCLUDE_IN_FRAMEWORK_HEADER = YES;
				CLANG_WARN_RANGE_LOOP_ANALYSIS = YES;
				CLANG_WARN_STRICT_PROTOTYPES = YES;
				CLANG_WARN_SUSPICIOUS_MOVE = YES;
				CLANG_WARN_UNGUARDED_AVAILABILITY = YES_AGGRESSIVE;
				CLANG_WARN_UNREACHABLE_CODE = YES;
				CLANG_WARN__DUPLICATE_METHOD_MATCH = YES;
				COPY_PHASE_STRIP = NO;
				DEBUG_INFORMATION_FORMAT = dwarf;
				ENABLE_STRICT_OBJC_MSGSEND = YES;
				ENABLE_TESTABILITY = YES;
				GCC_C_LANGUAGE_STANDARD = gnu11;
				GCC_DYNAMIC_NO_PIC = NO;
				GCC_NO_COMMON_BLOCKS = YES;
				GCC_OPTIMIZATION_LEVEL = 0;
				GCC_PREPROCESSOR_DEFINITIONS = (
					"DEBUG=1",
					"$(inherited)",
				);
				GCC_WARN_64_TO_32_BIT_CONVERSION = YES;
				GCC_WARN_ABOUT_RETURN_TYPE = YES_ERROR;
				GCC_WARN_UNDECLARED_SELECTOR = YES;
				GCC_WARN_UNINITIALIZED_AUTOS = YES_AGGRESSIVE;
				GCC_WARN_UNUSED_FUNCTION = YES;
				GCC_WARN_UNUSED_VARIABLE = YES;
				IPHONEOS_DEPLOYMENT_TARGET = 14.5;
				MTL_ENABLE_DEBUG_INFO = INCLUDE_SOURCE;
				MTL_FAST_MATH = YES;
				ONLY_ACTIVE_ARCH = YES;
				SDKROOT = iphoneos;
				SWIFT_ACTIVE_COMPILATION_CONDITIONS = DEBUG;
				SWIFT_OPTIMIZATION_LEVEL = "-Onone";
			};
			name = Debug;
		};
		0A5CA16126F14FDC00AD7A8A /* Release */ = {
			isa = XCBuildConfiguration;
			buildSettings = {
				ALWAYS_SEARCH_USER_PATHS = NO;
				CLANG_ANALYZER_NONNULL = YES;
				CLANG_ANALYZER_NUMBER_OBJECT_CONVERSION = YES_AGGRESSIVE;
				CLANG_CXX_LANGUAGE_STANDARD = "gnu++14";
				CLANG_CXX_LIBRARY = "libc++";
				CLANG_ENABLE_MODULES = YES;
				CLANG_ENABLE_OBJC_ARC = YES;
				CLANG_ENABLE_OBJC_WEAK = YES;
				CLANG_WARN_BLOCK_CAPTURE_AUTORELEASING = YES;
				CLANG_WARN_BOOL_CONVERSION = YES;
				CLANG_WARN_COMMA = YES;
				CLANG_WARN_CONSTANT_CONVERSION = YES;
				CLANG_WARN_DEPRECATED_OBJC_IMPLEMENTATIONS = YES;
				CLANG_WARN_DIRECT_OBJC_ISA_USAGE = YES_ERROR;
				CLANG_WARN_DOCUMENTATION_COMMENTS = YES;
				CLANG_WARN_EMPTY_BODY = YES;
				CLANG_WARN_ENUM_CONVERSION = YES;
				CLANG_WARN_INFINITE_RECURSION = YES;
				CLANG_WARN_INT_CONVERSION = YES;
				CLANG_WARN_NON_LITERAL_NULL_CONVERSION = YES;
				CLANG_WARN_OBJC_IMPLICIT_RETAIN_SELF = YES;
				CLANG_WARN_OBJC_LITERAL_CONVERSION = YES;
				CLANG_WARN_OBJC_ROOT_CLASS = YES_ERROR;
				CLANG_WARN_QUOTED_INCLUDE_IN_FRAMEWORK_HEADER = YES;
				CLANG_WARN_RANGE_LOOP_ANALYSIS = YES;
				CLANG_WARN_STRICT_PROTOTYPES = YES;
				CLANG_WARN_SUSPICIOUS_MOVE = YES;
				CLANG_WARN_UNGUARDED_AVAILABILITY = YES_AGGRESSIVE;
				CLANG_WARN_UNREACHABLE_CODE = YES;
				CLANG_WARN__DUPLICATE_METHOD_MATCH = YES;
				COPY_PHASE_STRIP = NO;
				DEBUG_INFORMATION_FORMAT = "dwarf-with-dsym";
				ENABLE_NS_ASSERTIONS = NO;
				ENABLE_STRICT_OBJC_MSGSEND = YES;
				GCC_C_LANGUAGE_STANDARD = gnu11;
				GCC_NO_COMMON_BLOCKS = YES;
				GCC_WARN_64_TO_32_BIT_CONVERSION = YES;
				GCC_WARN_ABOUT_RETURN_TYPE = YES_ERROR;
				GCC_WARN_UNDECLARED_SELECTOR = YES;
				GCC_WARN_UNINITIALIZED_AUTOS = YES_AGGRESSIVE;
				GCC_WARN_UNUSED_FUNCTION = YES;
				GCC_WARN_UNUSED_VARIABLE = YES;
				IPHONEOS_DEPLOYMENT_TARGET = 14.5;
				MTL_ENABLE_DEBUG_INFO = NO;
				MTL_FAST_MATH = YES;
				SDKROOT = iphoneos;
				SWIFT_COMPILATION_MODE = wholemodule;
				SWIFT_OPTIMIZATION_LEVEL = "-O";
				VALIDATE_PRODUCT = YES;
			};
			name = Release;
		};
		0A5CA16326F14FDC00AD7A8A /* Debug */ = {
			isa = XCBuildConfiguration;
			buildSettings = {
				ASSETCATALOG_COMPILER_APPICON_NAME = AppIcon;
				ASSETCATALOG_COMPILER_GLOBAL_ACCENT_COLOR_NAME = AccentColor;
				CODE_SIGN_STYLE = Automatic;
				DEVELOPMENT_TEAM = 69SFKN563E;
				INFOPLIST_FILE = "Viper Bad/Info.plist";
				LD_RUNPATH_SEARCH_PATHS = (
					"$(inherited)",
					"@executable_path/Frameworks",
				);
				PRODUCT_BUNDLE_IDENTIFIER = "com.mduarte.viper-bad";
				PRODUCT_NAME = "$(TARGET_NAME)";
				SWIFT_VERSION = 5.0;
				TARGETED_DEVICE_FAMILY = "1,2";
			};
			name = Debug;
		};
		0A5CA16426F14FDC00AD7A8A /* Release */ = {
			isa = XCBuildConfiguration;
			buildSettings = {
				ASSETCATALOG_COMPILER_APPICON_NAME = AppIcon;
				ASSETCATALOG_COMPILER_GLOBAL_ACCENT_COLOR_NAME = AccentColor;
				CODE_SIGN_STYLE = Automatic;
				DEVELOPMENT_TEAM = 69SFKN563E;
				INFOPLIST_FILE = "Viper Bad/Info.plist";
				LD_RUNPATH_SEARCH_PATHS = (
					"$(inherited)",
					"@executable_path/Frameworks",
				);
				PRODUCT_BUNDLE_IDENTIFIER = "com.mduarte.viper-bad";
				PRODUCT_NAME = "$(TARGET_NAME)";
				SWIFT_VERSION = 5.0;
				TARGETED_DEVICE_FAMILY = "1,2";
			};
			name = Release;
		};
		0A5CA16626F14FDC00AD7A8A /* Debug */ = {
			isa = XCBuildConfiguration;
			buildSettings = {
				ALWAYS_EMBED_SWIFT_STANDARD_LIBRARIES = YES;
				BUNDLE_LOADER = "$(TEST_HOST)";
				CODE_SIGN_STYLE = Automatic;
				DEVELOPMENT_TEAM = 69SFKN563E;
				INFOPLIST_FILE = "Viper BadTests/Info.plist";
				IPHONEOS_DEPLOYMENT_TARGET = 14.5;
				LD_RUNPATH_SEARCH_PATHS = (
					"$(inherited)",
					"@executable_path/Frameworks",
					"@loader_path/Frameworks",
				);
				PRODUCT_BUNDLE_IDENTIFIER = "com.mduarte.viper-bad.Viper-BadTests";
				PRODUCT_NAME = "$(TARGET_NAME)";
				SWIFT_VERSION = 5.0;
				TARGETED_DEVICE_FAMILY = "1,2";
				TEST_HOST = "$(BUILT_PRODUCTS_DIR)/Viper Bad.app/Viper Bad";
			};
			name = Debug;
		};
		0A5CA16726F14FDC00AD7A8A /* Release */ = {
			isa = XCBuildConfiguration;
			buildSettings = {
				ALWAYS_EMBED_SWIFT_STANDARD_LIBRARIES = YES;
				BUNDLE_LOADER = "$(TEST_HOST)";
				CODE_SIGN_STYLE = Automatic;
				DEVELOPMENT_TEAM = 69SFKN563E;
				INFOPLIST_FILE = "Viper BadTests/Info.plist";
				IPHONEOS_DEPLOYMENT_TARGET = 14.5;
				LD_RUNPATH_SEARCH_PATHS = (
					"$(inherited)",
					"@executable_path/Frameworks",
					"@loader_path/Frameworks",
				);
				PRODUCT_BUNDLE_IDENTIFIER = "com.mduarte.viper-bad.Viper-BadTests";
				PRODUCT_NAME = "$(TARGET_NAME)";
				SWIFT_VERSION = 5.0;
				TARGETED_DEVICE_FAMILY = "1,2";
				TEST_HOST = "$(BUILT_PRODUCTS_DIR)/Viper Bad.app/Viper Bad";
			};
			name = Release;
		};
		0A5CA16926F14FDC00AD7A8A /* Debug */ = {
			isa = XCBuildConfiguration;
			buildSettings = {
				ALWAYS_EMBED_SWIFT_STANDARD_LIBRARIES = YES;
				CODE_SIGN_STYLE = Automatic;
				DEVELOPMENT_TEAM = 69SFKN563E;
				INFOPLIST_FILE = "Viper BadUITests/Info.plist";
				LD_RUNPATH_SEARCH_PATHS = (
					"$(inherited)",
					"@executable_path/Frameworks",
					"@loader_path/Frameworks",
				);
				PRODUCT_BUNDLE_IDENTIFIER = "com.mduarte.viper-bad.Viper-BadUITests";
				PRODUCT_NAME = "$(TARGET_NAME)";
				SWIFT_VERSION = 5.0;
				TARGETED_DEVICE_FAMILY = "1,2";
				TEST_TARGET_NAME = "Viper Bad";
			};
			name = Debug;
		};
		0A5CA16A26F14FDC00AD7A8A /* Release */ = {
			isa = XCBuildConfiguration;
			buildSettings = {
				ALWAYS_EMBED_SWIFT_STANDARD_LIBRARIES = YES;
				CODE_SIGN_STYLE = Automatic;
				DEVELOPMENT_TEAM = 69SFKN563E;
				INFOPLIST_FILE = "Viper BadUITests/Info.plist";
				LD_RUNPATH_SEARCH_PATHS = (
					"$(inherited)",
					"@executable_path/Frameworks",
					"@loader_path/Frameworks",
				);
				PRODUCT_BUNDLE_IDENTIFIER = "com.mduarte.viper-bad.Viper-BadUITests";
				PRODUCT_NAME = "$(TARGET_NAME)";
				SWIFT_VERSION = 5.0;
				TARGETED_DEVICE_FAMILY = "1,2";
				TEST_TARGET_NAME = "Viper Bad";
			};
			name = Release;
		};
/* End XCBuildConfiguration section */

/* Begin XCConfigurationList section */
		0A5CA13326F14FD700AD7A8A /* Build configuration list for PBXProject "Viper Bad" */ = {
			isa = XCConfigurationList;
			buildConfigurations = (
				0A5CA16026F14FDC00AD7A8A /* Debug */,
				0A5CA16126F14FDC00AD7A8A /* Release */,
			);
			defaultConfigurationIsVisible = 0;
			defaultConfigurationName = Release;
		};
		0A5CA16226F14FDC00AD7A8A /* Build configuration list for PBXNativeTarget "Viper Bad" */ = {
			isa = XCConfigurationList;
			buildConfigurations = (
				0A5CA16326F14FDC00AD7A8A /* Debug */,
				0A5CA16426F14FDC00AD7A8A /* Release */,
			);
			defaultConfigurationIsVisible = 0;
			defaultConfigurationName = Release;
		};
		0A5CA16526F14FDC00AD7A8A /* Build configuration list for PBXNativeTarget "Viper BadTests" */ = {
			isa = XCConfigurationList;
			buildConfigurations = (
				0A5CA16626F14FDC00AD7A8A /* Debug */,
				0A5CA16726F14FDC00AD7A8A /* Release */,
			);
			defaultConfigurationIsVisible = 0;
			defaultConfigurationName = Release;
		};
		0A5CA16826F14FDC00AD7A8A /* Build configuration list for PBXNativeTarget "Viper BadUITests" */ = {
			isa = XCConfigurationList;
			buildConfigurations = (
				0A5CA16926F14FDC00AD7A8A /* Debug */,
				0A5CA16A26F14FDC00AD7A8A /* Release */,
			);
			defaultConfigurationIsVisible = 0;
			defaultConfigurationName = Release;
		};
/* End XCConfigurationList section */
	};
	rootObject = 0A5CA13026F14FD700AD7A8A /* Project object */;
}
